
Microsoft Visual Studio Solution File, Format Version 12.00
# Visual Studio Version 16
VisualStudioVersion = 16.0.29920.165
MinimumVisualStudioVersion = 10.0.40219.1
Project("{FAE04EC0-301F-11D3-BF4B-00C04F79EFBC}") = "XamarinShoppingList1.Android", "XamarinShoppingList1\XamarinShoppingList1.Android\XamarinShoppingList1.Android.csproj", "{77E68204-73AE-4697-89B9-EA12AA935591}"
EndProject
Project("{FAE04EC0-301F-11D3-BF4B-00C04F79EFBC}") = "XamarinShoppingList1.iOS", "XamarinShoppingList1\XamarinShoppingList1.iOS\XamarinShoppingList1.iOS.csproj", "{D7AFAA8F-5E3A-43F7-B756-974E9A9CDA87}"
EndProject
Project("{FAE04EC0-301F-11D3-BF4B-00C04F79EFBC}") = "XamarinShoppingList1", "XamarinShoppingList1\XamarinShoppingList1\XamarinShoppingList1.csproj", "{AEA5112B-0346-4A65-9839-95D7CFC9AFB0}"
EndProject
Global
	GlobalSection(SolutionConfigurationPlatforms) = preSolution
		Debug|Any CPU = Debug|Any CPU
		Debug|iPhone = Debug|iPhone
		Debug|iPhoneSimulator = Debug|iPhoneSimulator
		Release|Any CPU = Release|Any CPU
		Release|iPhone = Release|iPhone
		Release|iPhoneSimulator = Release|iPhoneSimulator
	EndGlobalSection
	GlobalSection(ProjectConfigurationPlatforms) = postSolution
		{77E68204-73AE-4697-89B9-EA12AA935591}.Debug|Any CPU.ActiveCfg = Debug|Any CPU
		{77E68204-73AE-4697-89B9-EA12AA935591}.Debug|Any CPU.Build.0 = Debug|Any CPU
		{77E68204-73AE-4697-89B9-EA12AA935591}.Debug|Any CPU.Deploy.0 = Debug|Any CPU
		{77E68204-73AE-4697-89B9-EA12AA935591}.Debug|iPhone.ActiveCfg = Debug|Any CPU
		{77E68204-73AE-4697-89B9-EA12AA935591}.Debug|iPhone.Build.0 = Debug|Any CPU
		{77E68204-73AE-4697-89B9-EA12AA935591}.Debug|iPhone.Deploy.0 = Debug|Any CPU
		{77E68204-73AE-4697-89B9-EA12AA935591}.Debug|iPhoneSimulator.ActiveCfg = Debug|Any CPU
		{77E68204-73AE-4697-89B9-EA12AA935591}.Debug|iPhoneSimulator.Build.0 = Debug|Any CPU
		{77E68204-73AE-4697-89B9-EA12AA935591}.Debug|iPhoneSimulator.Deploy.0 = Debug|Any CPU
		{77E68204-73AE-4697-89B9-EA12AA935591}.Release|Any CPU.ActiveCfg = Release|Any CPU
		{77E68204-73AE-4697-89B9-EA12AA935591}.Release|Any CPU.Build.0 = Release|Any CPU
		{77E68204-73AE-4697-89B9-EA12AA935591}.Release|Any CPU.Deploy.0 = Release|Any CPU
		{77E68204-73AE-4697-89B9-EA12AA935591}.Release|iPhone.ActiveCfg = Release|Any CPU
		{77E68204-73AE-4697-89B9-EA12AA935591}.Release|iPhone.Build.0 = Release|Any CPU
		{77E68204-73AE-4697-89B9-EA12AA935591}.Release|iPhone.Deploy.0 = Release|Any CPU
		{77E68204-73AE-4697-89B9-EA12AA935591}.Release|iPhoneSimulator.ActiveCfg = Release|Any CPU
		{77E68204-73AE-4697-89B9-EA12AA935591}.Release|iPhoneSimulator.Build.0 = Release|Any CPU
		{77E68204-73AE-4697-89B9-EA12AA935591}.Release|iPhoneSimulator.Deploy.0 = Release|Any CPU
		{D7AFAA8F-5E3A-43F7-B756-974E9A9CDA87}.Debug|Any CPU.ActiveCfg = Debug|iPhone
		{D7AFAA8F-5E3A-43F7-B756-974E9A9CDA87}.Debug|Any CPU.Build.0 = Debug|iPhone
		{D7AFAA8F-5E3A-43F7-B756-974E9A9CDA87}.Debug|Any CPU.Deploy.0 = Debug|iPhone
		{D7AFAA8F-5E3A-43F7-B756-974E9A9CDA87}.Debug|iPhone.ActiveCfg = Debug|iPhone
		{D7AFAA8F-5E3A-43F7-B756-974E9A9CDA87}.Debug|iPhone.Build.0 = Debug|iPhone
		{D7AFAA8F-5E3A-43F7-B756-974E9A9CDA87}.Debug|iPhone.Deploy.0 = Debug|iPhone
		{D7AFAA8F-5E3A-43F7-B756-974E9A9CDA87}.Debug|iPhoneSimulator.ActiveCfg = Debug|iPhoneSimulator
		{D7AFAA8F-5E3A-43F7-B756-974E9A9CDA87}.Debug|iPhoneSimulator.Build.0 = Debug|iPhoneSimulator
		{D7AFAA8F-5E3A-43F7-B756-974E9A9CDA87}.Debug|iPhoneSimulator.Deploy.0 = Debug|iPhoneSimulator
		{D7AFAA8F-5E3A-43F7-B756-974E9A9CDA87}.Release|Any CPU.ActiveCfg = Release|iPhone
		{D7AFAA8F-5E3A-43F7-B756-974E9A9CDA87}.Release|Any CPU.Build.0 = Release|iPhone
		{D7AFAA8F-5E3A-43F7-B756-974E9A9CDA87}.Release|Any CPU.Deploy.0 = Release|iPhone
		{D7AFAA8F-5E3A-43F7-B756-974E9A9CDA87}.Release|iPhone.ActiveCfg = Release|iPhone
		{D7AFAA8F-5E3A-43F7-B756-974E9A9CDA87}.Release|iPhone.Build.0 = Release|iPhone
		{D7AFAA8F-5E3A-43F7-B756-974E9A9CDA87}.Release|iPhone.Deploy.0 = Release|iPhone
		{D7AFAA8F-5E3A-43F7-B756-974E9A9CDA87}.Release|iPhoneSimulator.ActiveCfg = Release|iPhoneSimulator
		{D7AFAA8F-5E3A-43F7-B756-974E9A9CDA87}.Release|iPhoneSimulator.Build.0 = Release|iPhoneSimulator
		{D7AFAA8F-5E3A-43F7-B756-974E9A9CDA87}.Release|iPhoneSimulator.Deploy.0 = Release|iPhoneSimulator
		{AEA5112B-0346-4A65-9839-95D7CFC9AFB0}.Debug|Any CPU.ActiveCfg = Debug|Any CPU
		{AEA5112B-0346-4A65-9839-95D7CFC9AFB0}.Debug|Any CPU.Build.0 = Debug|Any CPU
		{AEA5112B-0346-4A65-9839-95D7CFC9AFB0}.Debug|Any CPU.Deploy.0 = Debug|Any CPU
		{AEA5112B-0346-4A65-9839-95D7CFC9AFB0}.Debug|iPhone.ActiveCfg = Debug|Any CPU
		{AEA5112B-0346-4A65-9839-95D7CFC9AFB0}.Debug|iPhone.Build.0 = Debug|Any CPU
		{AEA5112B-0346-4A65-9839-95D7CFC9AFB0}.Debug|iPhone.Deploy.0 = Debug|Any CPU
		{AEA5112B-0346-4A65-9839-95D7CFC9AFB0}.Debug|iPhoneSimulator.ActiveCfg = Debug|Any CPU
		{AEA5112B-0346-4A65-9839-95D7CFC9AFB0}.Debug|iPhoneSimulator.Build.0 = Debug|Any CPU
		{AEA5112B-0346-4A65-9839-95D7CFC9AFB0}.Debug|iPhoneSimulator.Deploy.0 = Debug|Any CPU
		{AEA5112B-0346-4A65-9839-95D7CFC9AFB0}.Release|Any CPU.ActiveCfg = Release|Any CPU
		{AEA5112B-0346-4A65-9839-95D7CFC9AFB0}.Release|Any CPU.Build.0 = Release|Any CPU
		{AEA5112B-0346-4A65-9839-95D7CFC9AFB0}.Release|Any CPU.Deploy.0 = Release|Any CPU
		{AEA5112B-0346-4A65-9839-95D7CFC9AFB0}.Release|iPhone.ActiveCfg = Release|Any CPU
		{AEA5112B-0346-4A65-9839-95D7CFC9AFB0}.Release|iPhone.Build.0 = Release|Any CPU
		{AEA5112B-0346-4A65-9839-95D7CFC9AFB0}.Release|iPhone.Deploy.0 = Release|Any CPU
		{AEA5112B-0346-4A65-9839-95D7CFC9AFB0}.Release|iPhoneSimulator.ActiveCfg = Release|Any CPU
		{AEA5112B-0346-4A65-9839-95D7CFC9AFB0}.Release|iPhoneSimulator.Build.0 = Release|Any CPU
		{AEA5112B-0346-4A65-9839-95D7CFC9AFB0}.Release|iPhoneSimulator.Deploy.0 = Release|Any CPU
	EndGlobalSection
	GlobalSection(SolutionProperties) = preSolution
		HideSolutionNode = FALSE
	EndGlobalSection
	GlobalSection(ExtensibilityGlobals) = postSolution
		SolutionGuid = {62C96D43-95FE-409C-9E29-137921E2DCB6}
	EndGlobalSection
EndGlobal
